# THIS IS AN AUTOGENERATED FILE. DO NOT EDIT THIS FILE DIRECTLY.
# yarn lockfile v1


uikit@^3.2.0:
  version "3.2.0"
  resolved "https://registry.yarnpkg.com/uikit/-/uikit-3.2.0.tgz#5f975c84c1bf6379e1e47bb242aeafeebb6760fa"
  integrity sha512-fTejdVwA5Jcrgfr8cY6rT/oBql8cj42HMpKUgnOkcPqxlpI5F+mPVYTSBfX8U5bso8ZtxLOyoUtdfc4XSMNqTA==
